
Microsoft Visual Studio Solution File, Format Version 12.00
# Visual Studio Version 16
VisualStudioVersion = 16.0.29025.244
MinimumVisualStudioVersion = 10.0.40219.1
Project("{9A19103F-16F7-4668-BE54-9A1E7A4F7556}") = "LibreriaGioco", "LibreriaGioco\LibreriaGioco.csproj", "{4E18BD37-692D-4527-9AB4-CD38647E75DA}"
EndProject
Project("{FAE04EC0-301F-11D3-BF4B-00C04F79EFBC}") = "TestApp", "TestApp\TestApp.csproj", "{563D7B05-19FB-47BE-8B6A-A2013964C526}"
EndProject
Project("{FAE04EC0-301F-11D3-BF4B-00C04F79EFBC}") = "InterfacciaGrafica", "InterfacciaGrafica\InterfacciaGrafica.csproj", "{4C36BD61-66CB-4F0F-ACAE-9CF5FBF35E56}"
EndProject
Global
	GlobalSection(SolutionConfigurationPlatforms) = preSolution
		Debug|Any CPU = Debug|Any CPU
		Release|Any CPU = Release|Any CPU
	EndGlobalSection
	GlobalSection(ProjectConfigurationPlatforms) = postSolution
		{4E18BD37-692D-4527-9AB4-CD38647E75DA}.Debug|Any CPU.ActiveCfg = Debug|Any CPU
		{4E18BD37-692D-4527-9AB4-CD38647E75DA}.Debug|Any CPU.Build.0 = Debug|Any CPU
		{4E18BD37-692D-4527-9AB4-CD38647E75DA}.Release|Any CPU.ActiveCfg = Release|Any CPU
		{4E18BD37-692D-4527-9AB4-CD38647E75DA}.Release|Any CPU.Build.0 = Release|Any CPU
		{563D7B05-19FB-47BE-8B6A-A2013964C526}.Debug|Any CPU.ActiveCfg = Debug|Any CPU
		{563D7B05-19FB-47BE-8B6A-A2013964C526}.Debug|Any CPU.Build.0 = Debug|Any CPU
		{563D7B05-19FB-47BE-8B6A-A2013964C526}.Release|Any CPU.ActiveCfg = Release|Any CPU
		{563D7B05-19FB-47BE-8B6A-A2013964C526}.Release|Any CPU.Build.0 = Release|Any CPU
		{4C36BD61-66CB-4F0F-ACAE-9CF5FBF35E56}.Debug|Any CPU.ActiveCfg = Debug|Any CPU
		{4C36BD61-66CB-4F0F-ACAE-9CF5FBF35E56}.Debug|Any CPU.Build.0 = Debug|Any CPU
		{4C36BD61-66CB-4F0F-ACAE-9CF5FBF35E56}.Release|Any CPU.ActiveCfg = Release|Any CPU
		{4C36BD61-66CB-4F0F-ACAE-9CF5FBF35E56}.Release|Any CPU.Build.0 = Release|Any CPU
	EndGlobalSection
	GlobalSection(SolutionProperties) = preSolution
		HideSolutionNode = FALSE
	EndGlobalSection
	GlobalSection(ExtensibilityGlobals) = postSolution
		SolutionGuid = {6E82FB86-D7FD-4009-A627-0157A25BEA38}
	EndGlobalSection
EndGlobal
